{
  "nodes": {
    "naersk": {
      "inputs": {
        "nixpkgs": [
          "nixpkgs"
        ]
      },
      "locked": {
        "lastModified": 1688229166,
        "narHash": "sha256-9lGDg8K1ASjTThzYjctdgd35WqocIIeakQXs5tAbQsM=",
        "owner": "nmattia",
        "repo": "naersk",
        "rev": "714e701eb4ca2491d34d794b98be4b994a796ae7",
        "type": "github"
      },
      "original": {
        "owner": "nmattia",
        "repo": "naersk",
        "type": "github"
      }
    },
    "nixpkgs": {
      "locked": {
        "lastModified": 1688403656,
        "narHash": "sha256-zmNai3dKWUCKpKubPWsEJ1Q7od96KebWVDJNCnk+fr0=",
        "owner": "NixOS",
        "repo": "nixpkgs",
        "rev": "453da3c28f7a95374b73d1f3fd665dd40e6049e9",
        "type": "github"
      },
      "original": {
        "owner": "NixOS",
        "ref": "nixpkgs-unstable",
        "repo": "nixpkgs",
        "type": "github"
      }
    },
    "root": {
      "inputs": {
        "naersk": "naersk",
        "nixpkgs": "nixpkgs"
      }
    }
  },
  "root": "root",
  "version": 7
}
